
Microsoft Visual Studio Solution File, Format Version 12.00
# Visual Studio Version 17
VisualStudioVersion = 17.3.32901.215
MinimumVisualStudioVersion = 10.0.40219.1
Project("{FAE04EC0-301F-11D3-BF4B-00C04F79EFBC}") = "JohnATMApps", "JohnATMApps\JohnATMApps.csproj", "{9BC03779-7C9B-4B7F-A61B-70A15E126020}"
EndProject
Global
	GlobalSection(SolutionConfigurationPlatforms) = preSolution
		Debug|Any CPU = Debug|Any CPU
		Release|Any CPU = Release|Any CPU
	EndGlobalSection
	GlobalSection(ProjectConfigurationPlatforms) = postSolution
		{9BC03779-7C9B-4B7F-A61B-70A15E126020}.Debug|Any CPU.ActiveCfg = Debug|Any CPU
		{9BC03779-7C9B-4B7F-A61B-70A15E126020}.Debug|Any CPU.Build.0 = Debug|Any CPU
		{9BC03779-7C9B-4B7F-A61B-70A15E126020}.Release|Any CPU.ActiveCfg = Release|Any CPU
		{9BC03779-7C9B-4B7F-A61B-70A15E126020}.Release|Any CPU.Build.0 = Release|Any CPU
	EndGlobalSection
	GlobalSection(SolutionProperties) = preSolution
		HideSolutionNode = FALSE
	EndGlobalSection
	GlobalSection(ExtensibilityGlobals) = postSolution
		SolutionGuid = {F2FEF014-7D12-45C9-9FA1-EBB7ECEF2EE3}
	EndGlobalSection
EndGlobal
